
Microsoft Visual Studio Solution File, Format Version 12.00
# Visual Studio 2015
Project("{FAE04EC0-301F-11D3-BF4B-00C04F79EFBC}") = "Grabbing", "Grabbing.csproj", "{0A46FBCC-5D5A-6DA0-1A4F-59E3826BE848}"
EndProject
Project("{FAE04EC0-301F-11D3-BF4B-00C04F79EFBC}") = "Grabbing.Editor", "Grabbing.Editor.csproj", "{157408A0-BBB3-E418-C31B-0BC726C7EA43}"
EndProject
Global
	GlobalSection(SolutionConfigurationPlatforms) = preSolution
		Debug|Any CPU = Debug|Any CPU
		Release|Any CPU = Release|Any CPU
	EndGlobalSection
	GlobalSection(ProjectConfigurationPlatforms) = postSolution
		{0A46FBCC-5D5A-6DA0-1A4F-59E3826BE848}.Debug|Any CPU.ActiveCfg = Debug|Any CPU
		{0A46FBCC-5D5A-6DA0-1A4F-59E3826BE848}.Debug|Any CPU.Build.0 = Debug|Any CPU
		{0A46FBCC-5D5A-6DA0-1A4F-59E3826BE848}.Release|Any CPU.ActiveCfg = Release|Any CPU
		{0A46FBCC-5D5A-6DA0-1A4F-59E3826BE848}.Release|Any CPU.Build.0 = Release|Any CPU
		{157408A0-BBB3-E418-C31B-0BC726C7EA43}.Debug|Any CPU.ActiveCfg = Debug|Any CPU
		{157408A0-BBB3-E418-C31B-0BC726C7EA43}.Debug|Any CPU.Build.0 = Debug|Any CPU
		{157408A0-BBB3-E418-C31B-0BC726C7EA43}.Release|Any CPU.ActiveCfg = Release|Any CPU
		{157408A0-BBB3-E418-C31B-0BC726C7EA43}.Release|Any CPU.Build.0 = Release|Any CPU
	EndGlobalSection
	GlobalSection(SolutionProperties) = preSolution
		HideSolutionNode = FALSE
	EndGlobalSection
EndGlobal
